
Microsoft Visual Studio Solution File, Format Version 12.00
# Visual Studio Version 16
VisualStudioVersion = 16.0.31105.61
MinimumVisualStudioVersion = 10.0.40219.1
Project("{9A19103F-16F7-4668-BE54-9A1E7A4F7556}") = "ApiMySQL", "ApiMySQL.csproj", "{F5E8A0C1-3F78-4B2F-BE96-1C9738485B44}"
EndProject
Global
	GlobalSection(SolutionConfigurationPlatforms) = preSolution
		Debug|Any CPU = Debug|Any CPU
		Release|Any CPU = Release|Any CPU
	EndGlobalSection
	GlobalSection(ProjectConfigurationPlatforms) = postSolution
		{F5E8A0C1-3F78-4B2F-BE96-1C9738485B44}.Debug|Any CPU.ActiveCfg = Debug|Any CPU
		{F5E8A0C1-3F78-4B2F-BE96-1C9738485B44}.Debug|Any CPU.Build.0 = Debug|Any CPU
		{F5E8A0C1-3F78-4B2F-BE96-1C9738485B44}.Release|Any CPU.ActiveCfg = Release|Any CPU
		{F5E8A0C1-3F78-4B2F-BE96-1C9738485B44}.Release|Any CPU.Build.0 = Release|Any CPU
	EndGlobalSection
	GlobalSection(SolutionProperties) = preSolution
		HideSolutionNode = FALSE
	EndGlobalSection
	GlobalSection(ExtensibilityGlobals) = postSolution
		SolutionGuid = {12E5436C-8C77-435B-8E81-F8DDF66E4C1B}
	EndGlobalSection
EndGlobal
