
Microsoft Visual Studio Solution File, Format Version 12.00
# Visual Studio Version 16
VisualStudioVersion = 16.0.31129.286
MinimumVisualStudioVersion = 10.0.40219.1
Project("{9A19103F-16F7-4668-BE54-9A1E7A4F7556}") = "FuncBlob", "FuncBlob.csproj", "{07343A29-8116-4942-B181-B47B5A67BB50}"
EndProject
Global
	GlobalSection(SolutionConfigurationPlatforms) = preSolution
		Debug|Any CPU = Debug|Any CPU
		Release|Any CPU = Release|Any CPU
	EndGlobalSection
	GlobalSection(ProjectConfigurationPlatforms) = postSolution
		{07343A29-8116-4942-B181-B47B5A67BB50}.Debug|Any CPU.ActiveCfg = Debug|Any CPU
		{07343A29-8116-4942-B181-B47B5A67BB50}.Debug|Any CPU.Build.0 = Debug|Any CPU
		{07343A29-8116-4942-B181-B47B5A67BB50}.Release|Any CPU.ActiveCfg = Release|Any CPU
		{07343A29-8116-4942-B181-B47B5A67BB50}.Release|Any CPU.Build.0 = Release|Any CPU
	EndGlobalSection
	GlobalSection(SolutionProperties) = preSolution
		HideSolutionNode = FALSE
	EndGlobalSection
	GlobalSection(ExtensibilityGlobals) = postSolution
		SolutionGuid = {0F92C390-9F4B-40FE-8270-3B06CC17213F}
	EndGlobalSection
EndGlobal
