
Microsoft Visual Studio Solution File, Format Version 12.00
# Visual Studio Version 16
VisualStudioVersion = 16.0.31129.286
MinimumVisualStudioVersion = 10.0.40219.1
Project("{9A19103F-16F7-4668-BE54-9A1E7A4F7556}") = "ConsoleLinqTest", "ConsoleLinqTest.csproj", "{68D0F977-87C1-4BD5-8D6C-32670F3932BB}"
EndProject
Global
	GlobalSection(SolutionConfigurationPlatforms) = preSolution
		Debug|Any CPU = Debug|Any CPU
		Release|Any CPU = Release|Any CPU
	EndGlobalSection
	GlobalSection(ProjectConfigurationPlatforms) = postSolution
		{68D0F977-87C1-4BD5-8D6C-32670F3932BB}.Debug|Any CPU.ActiveCfg = Debug|Any CPU
		{68D0F977-87C1-4BD5-8D6C-32670F3932BB}.Debug|Any CPU.Build.0 = Debug|Any CPU
		{68D0F977-87C1-4BD5-8D6C-32670F3932BB}.Release|Any CPU.ActiveCfg = Release|Any CPU
		{68D0F977-87C1-4BD5-8D6C-32670F3932BB}.Release|Any CPU.Build.0 = Release|Any CPU
	EndGlobalSection
	GlobalSection(SolutionProperties) = preSolution
		HideSolutionNode = FALSE
	EndGlobalSection
	GlobalSection(ExtensibilityGlobals) = postSolution
		SolutionGuid = {952B41C6-9FF7-472E-A808-9D07429238D7}
	EndGlobalSection
EndGlobal
