
Microsoft Visual Studio Solution File, Format Version 12.00
# Visual Studio Version 16
VisualStudioVersion = 16.0.31105.61
MinimumVisualStudioVersion = 10.0.40219.1
Project("{9A19103F-16F7-4668-BE54-9A1E7A4F7556}") = "sample", "sample.csproj", "{C5EB6C70-F22E-4821-A5D1-2B8ED6E8CA34}"
EndProject
Global
	GlobalSection(SolutionConfigurationPlatforms) = preSolution
		Debug|Any CPU = Debug|Any CPU
		Release|Any CPU = Release|Any CPU
	EndGlobalSection
	GlobalSection(ProjectConfigurationPlatforms) = postSolution
		{C5EB6C70-F22E-4821-A5D1-2B8ED6E8CA34}.Debug|Any CPU.ActiveCfg = Debug|Any CPU
		{C5EB6C70-F22E-4821-A5D1-2B8ED6E8CA34}.Debug|Any CPU.Build.0 = Debug|Any CPU
		{C5EB6C70-F22E-4821-A5D1-2B8ED6E8CA34}.Release|Any CPU.ActiveCfg = Release|Any CPU
		{C5EB6C70-F22E-4821-A5D1-2B8ED6E8CA34}.Release|Any CPU.Build.0 = Release|Any CPU
	EndGlobalSection
	GlobalSection(SolutionProperties) = preSolution
		HideSolutionNode = FALSE
	EndGlobalSection
	GlobalSection(ExtensibilityGlobals) = postSolution
		SolutionGuid = {02EF5897-AA35-41D7-BE04-31E94F7AE333}
	EndGlobalSection
EndGlobal
