
Microsoft Visual Studio Solution File, Format Version 12.00
# Visual Studio Version 16
VisualStudioVersion = 16.0.31105.61
MinimumVisualStudioVersion = 10.0.40219.1
Project("{9A19103F-16F7-4668-BE54-9A1E7A4F7556}") = "webapp5", "webapp5.csproj", "{EE98414E-07A5-4FDF-B554-52CF5ADF49F4}"
EndProject
Global
	GlobalSection(SolutionConfigurationPlatforms) = preSolution
		Debug|Any CPU = Debug|Any CPU
		Release|Any CPU = Release|Any CPU
	EndGlobalSection
	GlobalSection(ProjectConfigurationPlatforms) = postSolution
		{EE98414E-07A5-4FDF-B554-52CF5ADF49F4}.Debug|Any CPU.ActiveCfg = Debug|Any CPU
		{EE98414E-07A5-4FDF-B554-52CF5ADF49F4}.Debug|Any CPU.Build.0 = Debug|Any CPU
		{EE98414E-07A5-4FDF-B554-52CF5ADF49F4}.Release|Any CPU.ActiveCfg = Release|Any CPU
		{EE98414E-07A5-4FDF-B554-52CF5ADF49F4}.Release|Any CPU.Build.0 = Release|Any CPU
	EndGlobalSection
	GlobalSection(SolutionProperties) = preSolution
		HideSolutionNode = FALSE
	EndGlobalSection
	GlobalSection(ExtensibilityGlobals) = postSolution
		SolutionGuid = {9BE89641-572A-4C40-BDCF-9B35C1738311}
	EndGlobalSection
EndGlobal
