
Microsoft Visual Studio Solution File, Format Version 12.00
# Visual Studio Version 16
VisualStudioVersion = 16.0.31019.35
MinimumVisualStudioVersion = 10.0.40219.1
Project("{9A19103F-16F7-4668-BE54-9A1E7A4F7556}") = "WebApi", "WebApi.csproj", "{15A95D55-1903-4D65-886B-0BACE4DE7144}"
EndProject
Global
	GlobalSection(SolutionConfigurationPlatforms) = preSolution
		Debug|Any CPU = Debug|Any CPU
		Release|Any CPU = Release|Any CPU
	EndGlobalSection
	GlobalSection(ProjectConfigurationPlatforms) = postSolution
		{15A95D55-1903-4D65-886B-0BACE4DE7144}.Debug|Any CPU.ActiveCfg = Debug|Any CPU
		{15A95D55-1903-4D65-886B-0BACE4DE7144}.Debug|Any CPU.Build.0 = Debug|Any CPU
		{15A95D55-1903-4D65-886B-0BACE4DE7144}.Release|Any CPU.ActiveCfg = Release|Any CPU
		{15A95D55-1903-4D65-886B-0BACE4DE7144}.Release|Any CPU.Build.0 = Release|Any CPU
	EndGlobalSection
	GlobalSection(SolutionProperties) = preSolution
		HideSolutionNode = FALSE
	EndGlobalSection
	GlobalSection(ExtensibilityGlobals) = postSolution
		SolutionGuid = {C230FF60-286C-4524-AB19-5BB5D7DA59BE}
	EndGlobalSection
EndGlobal
