
Microsoft Visual Studio Solution File, Format Version 12.00
# Visual Studio Version 16
VisualStudioVersion = 16.0.31105.61
MinimumVisualStudioVersion = 10.0.40219.1
Project("{9A19103F-16F7-4668-BE54-9A1E7A4F7556}") = "WebReact", "WebReact.csproj", "{0A9F5D39-1ED7-4629-AE6D-6C450D19554E}"
EndProject
Global
	GlobalSection(SolutionConfigurationPlatforms) = preSolution
		Debug|Any CPU = Debug|Any CPU
		Release|Any CPU = Release|Any CPU
	EndGlobalSection
	GlobalSection(ProjectConfigurationPlatforms) = postSolution
		{0A9F5D39-1ED7-4629-AE6D-6C450D19554E}.Debug|Any CPU.ActiveCfg = Debug|Any CPU
		{0A9F5D39-1ED7-4629-AE6D-6C450D19554E}.Debug|Any CPU.Build.0 = Debug|Any CPU
		{0A9F5D39-1ED7-4629-AE6D-6C450D19554E}.Release|Any CPU.ActiveCfg = Release|Any CPU
		{0A9F5D39-1ED7-4629-AE6D-6C450D19554E}.Release|Any CPU.Build.0 = Release|Any CPU
	EndGlobalSection
	GlobalSection(SolutionProperties) = preSolution
		HideSolutionNode = FALSE
	EndGlobalSection
	GlobalSection(ExtensibilityGlobals) = postSolution
		SolutionGuid = {43060536-B3A8-4B2C-AFC7-291DD702DED8}
	EndGlobalSection
EndGlobal
