
Microsoft Visual Studio Solution File, Format Version 12.00
# Visual Studio Version 16
VisualStudioVersion = 16.0.31129.286
MinimumVisualStudioVersion = 10.0.40219.1
Project("{9A19103F-16F7-4668-BE54-9A1E7A4F7556}") = "FuncHttpDB", "FuncHttpDB.csproj", "{BBD98671-0066-44F8-8597-CFC1B5DC07CD}"
EndProject
Global
	GlobalSection(SolutionConfigurationPlatforms) = preSolution
		Debug|Any CPU = Debug|Any CPU
		Release|Any CPU = Release|Any CPU
	EndGlobalSection
	GlobalSection(ProjectConfigurationPlatforms) = postSolution
		{BBD98671-0066-44F8-8597-CFC1B5DC07CD}.Debug|Any CPU.ActiveCfg = Debug|Any CPU
		{BBD98671-0066-44F8-8597-CFC1B5DC07CD}.Debug|Any CPU.Build.0 = Debug|Any CPU
		{BBD98671-0066-44F8-8597-CFC1B5DC07CD}.Release|Any CPU.ActiveCfg = Release|Any CPU
		{BBD98671-0066-44F8-8597-CFC1B5DC07CD}.Release|Any CPU.Build.0 = Release|Any CPU
	EndGlobalSection
	GlobalSection(SolutionProperties) = preSolution
		HideSolutionNode = FALSE
	EndGlobalSection
	GlobalSection(ExtensibilityGlobals) = postSolution
		SolutionGuid = {62403AC9-9DA6-4769-A7DF-F5A732853531}
	EndGlobalSection
EndGlobal
