
Microsoft Visual Studio Solution File, Format Version 12.00
# Visual Studio Version 16
VisualStudioVersion = 16.0.31105.61
MinimumVisualStudioVersion = 10.0.40219.1
Project("{9A19103F-16F7-4668-BE54-9A1E7A4F7556}") = "ApiSqlServer", "ApiSqlServer.csproj", "{5349E503-32A9-4D3D-BBF7-BF9E282242E5}"
EndProject
Global
	GlobalSection(SolutionConfigurationPlatforms) = preSolution
		Debug|Any CPU = Debug|Any CPU
		Release|Any CPU = Release|Any CPU
	EndGlobalSection
	GlobalSection(ProjectConfigurationPlatforms) = postSolution
		{5349E503-32A9-4D3D-BBF7-BF9E282242E5}.Debug|Any CPU.ActiveCfg = Debug|Any CPU
		{5349E503-32A9-4D3D-BBF7-BF9E282242E5}.Debug|Any CPU.Build.0 = Debug|Any CPU
		{5349E503-32A9-4D3D-BBF7-BF9E282242E5}.Release|Any CPU.ActiveCfg = Release|Any CPU
		{5349E503-32A9-4D3D-BBF7-BF9E282242E5}.Release|Any CPU.Build.0 = Release|Any CPU
	EndGlobalSection
	GlobalSection(SolutionProperties) = preSolution
		HideSolutionNode = FALSE
	EndGlobalSection
	GlobalSection(ExtensibilityGlobals) = postSolution
		SolutionGuid = {EA3B6DFB-0C2C-417E-AC1B-DA1582E450D7}
	EndGlobalSection
EndGlobal
